// !$*UTF8*$!
{
	archiveVersion = 1;
	classes = {
	};
	objectVersion = 55;
	objects = {

/* Begin PBXBuildFile section */
		FD48951C267223CD00B536B9 /* AppDelegate.swift in Sources */ = {isa = PBXBuildFile; fileRef = FD48951B267223CD00B536B9 /* AppDelegate.swift */; };
		FD48951E267223CD00B536B9 /* SceneDelegate.swift in Sources */ = {isa = PBXBuildFile; fileRef = FD48951D267223CD00B536B9 /* SceneDelegate.swift */; };
		FD489520267223CD00B536B9 /* ViewController.swift in Sources */ = {isa = PBXBuildFile; fileRef = FD48951F267223CD00B536B9 /* ViewController.swift */; };
		FD489523267223CD00B536B9 /* Main.storyboard in Resources */ = {isa = PBXBuildFile; fileRef = FD489521267223CD00B536B9 /* Main.storyboard */; };
		FD489525267223CD00B536B9 /* Assets.xcassets in Resources */ = {isa = PBXBuildFile; fileRef = FD489524267223CD00B536B9 /* Assets.xcassets */; };
		FD489528267223CD00B536B9 /* LaunchScreen.storyboard in Resources */ = {isa = PBXBuildFile; fileRef = FD489526267223CD00B536B9 /* LaunchScreen.storyboard */; };
		FD489533267223CD00B536B9 /* NewBottomSheetTests.swift in Sources */ = {isa = PBXBuildFile; fileRef = FD489532267223CD00B536B9 /* NewBottomSheetTests.swift */; };
		FD48953D267223CD00B536B9 /* NewBottomSheetUITests.swift in Sources */ = {isa = PBXBuildFile; fileRef = FD48953C267223CD00B536B9 /* NewBottomSheetUITests.swift */; };
/* End PBXBuildFile section */

/* Begin PBXContainerItemProxy section */
		FD48952F267223CD00B536B9 /* PBXContainerItemProxy */ = {
			isa = PBXContainerItemProxy;
			containerPortal = FD489510267223CD00B536B9 /* Project object */;
			proxyType = 1;
			remoteGlobalIDString = FD489517267223CD00B536B9;
			remoteInfo = NewBottomSheet;
		};
		FD489539267223CD00B536B9 /* PBXContainerItemProxy */ = {
			isa = PBXContainerItemProxy;
			containerPortal = FD489510267223CD00B536B9 /* Project object */;
			proxyType = 1;
			remoteGlobalIDString = FD489517267223CD00B536B9;
			remoteInfo = NewBottomSheet;
		};
/* End PBXContainerItemProxy section */

/* Begin PBXFileReference section */
		FD489518267223CD00B536B9 /* NewBottomSheet.app */ = {isa = PBXFileReference; explicitFileType = wrapper.application; includeInIndex = 0; path = NewBottomSheet.app; sourceTree = BUILT_PRODUCTS_DIR; };
		FD48951B267223CD00B536B9 /* AppDelegate.swift */ = {isa = PBXFileReference; lastKnownFileType = sourcecode.swift; path = AppDelegate.swift; sourceTree = "<group>"; };
		FD48951D267223CD00B536B9 /* SceneDelegate.swift */ = {isa = PBXFileReference; lastKnownFileType = sourcecode.swift; path = SceneDelegate.swift; sourceTree = "<group>"; };
		FD48951F267223CD00B536B9 /* ViewController.swift */ = {isa = PBXFileReference; lastKnownFileType = sourcecode.swift; path = ViewController.swift; sourceTree = "<group>"; };
		FD489522267223CD00B536B9 /* Base */ = {isa = PBXFileReference; lastKnownFileType = file.storyboard; name = Base; path = Base.lproj/Main.storyboard; sourceTree = "<group>"; };
		FD489524267223CD00B536B9 /* Assets.xcassets */ = {isa = PBXFileReference; lastKnownFileType = folder.assetcatalog; path = Assets.xcassets; sourceTree = "<group>"; };
		FD489527267223CD00B536B9 /* Base */ = {isa = PBXFileReference; lastKnownFileType = file.storyboard; name = Base; path = Base.lproj/LaunchScreen.storyboard; sourceTree = "<group>"; };
		FD489529267223CD00B536B9 /* Info.plist */ = {isa = PBXFileReference; lastKnownFileType = text.plist.xml; path = Info.plist; sourceTree = "<group>"; };
		FD48952E267223CD00B536B9 /* NewBottomSheetTests.xctest */ = {isa = PBXFileReference; explicitFileType = wrapper.cfbundle; includeInIndex = 0; path = NewBottomSheetTests.xctest; sourceTree = BUILT_PRODUCTS_DIR; };
		FD489532267223CD00B536B9 /* NewBottomSheetTests.swift */ = {isa = PBXFileReference; lastKnownFileType = sourcecode.swift; path = NewBottomSheetTests.swift; sourceTree = "<group>"; };
		FD489538267223CD00B536B9 /* NewBottomSheetUITests.xctest */ = {isa = PBXFileReference; explicitFileType = wrapper.cfbundle; includeInIndex = 0; path = NewBottomSheetUITests.xctest; sourceTree = BUILT_PRODUCTS_DIR; };
		FD48953C267223CD00B536B9 /* NewBottomSheetUITests.swift */ = {isa = PBXFileReference; lastKnownFileType = sourcecode.swift; path = NewBottomSheetUITests.swift; sourceTree = "<group>"; };
/* End PBXFileReference section */

/* Begin PBXFrameworksBuildPhase section */
		FD489515267223CD00B536B9 /* Frameworks */ = {
			isa = PBXFrameworksBuildPhase;
			buildActionMask = 2147483647;
			files = (
			);
			runOnlyForDeploymentPostprocessing = 0;
		};
		FD48952B267223CD00B536B9 /* Frameworks */ = {
			isa = PBXFrameworksBuildPhase;
			buildActionMask = 2147483647;
			files = (
			);
			runOnlyForDeploymentPostprocessing = 0;
		};
		FD489535267223CD00B536B9 /* Frameworks */ = {
			isa = PBXFrameworksBuildPhase;
			buildActionMask = 2147483647;
			files = (
			);
			runOnlyForDeploymentPostprocessing = 0;
		};
/* End PBXFrameworksBuildPhase section */

/* Begin PBXGroup section */
		FD48950F267223CD00B536B9 = {
			isa = PBXGroup;
			children = (
				FD48951A267223CD00B536B9 /* NewBottomSheet */,
				FD489531267223CD00B536B9 /* NewBottomSheetTests */,
				FD48953B267223CD00B536B9 /* NewBottomSheetUITests */,
				FD489519267223CD00B536B9 /* Products */,
			);
			sourceTree = "<group>";
		};
		FD489519267223CD00B536B9 /* Products */ = {
			isa = PBXGroup;
			children = (
				FD489518267223CD00B536B9 /* NewBottomSheet.app */,
				FD48952E267223CD00B536B9 /* NewBottomSheetTests.xctest */,
				FD489538267223CD00B536B9 /* NewBottomSheetUITests.xctest */,
			);
			name = Products;
			sourceTree = "<group>";
		};
		FD48951A267223CD00B536B9 /* NewBottomSheet */ = {
			isa = PBXGroup;
			children = (
				FD48951B267223CD00B536B9 /* AppDelegate.swift */,
				FD48951D267223CD00B536B9 /* SceneDelegate.swift */,
				FD48951F267223CD00B536B9 /* ViewController.swift */,
				FD489521267223CD00B536B9 /* Main.storyboard */,
				FD489524267223CD00B536B9 /* Assets.xcassets */,
				FD489526267223CD00B536B9 /* LaunchScreen.storyboard */,
				FD489529267223CD00B536B9 /* Info.plist */,
			);
			path = NewBottomSheet;
			sourceTree = "<group>";
		};
		FD489531267223CD00B536B9 /* NewBottomSheetTests */ = {
			isa = PBXGroup;
			children = (
				FD489532267223CD00B536B9 /* NewBottomSheetTests.swift */,
			);
			path = NewBottomSheetTests;
			sourceTree = "<group>";
		};
		FD48953B267223CD00B536B9 /* NewBottomSheetUITests */ = {
			isa = PBXGroup;
			children = (
				FD48953C267223CD00B536B9 /* NewBottomSheetUITests.swift */,
			);
			path = NewBottomSheetUITests;
			sourceTree = "<group>";
		};
/* End PBXGroup section */

/* Begin PBXNativeTarget section */
		FD489517267223CD00B536B9 /* NewBottomSheet */ = {
			isa = PBXNativeTarget;
			buildConfigurationList = FD489540267223CD00B536B9 /* Build configuration list for PBXNativeTarget "NewBottomSheet" */;
			buildPhases = (
				FD489514267223CD00B536B9 /* Sources */,
				FD489515267223CD00B536B9 /* Frameworks */,
				FD489516267223CD00B536B9 /* Resources */,
			);
			buildRules = (
			);
			dependencies = (
			);
			name = NewBottomSheet;
			productName = NewBottomSheet;
			productReference = FD489518267223CD00B536B9 /* NewBottomSheet.app */;
			productType = "com.apple.product-type.application";
		};
		FD48952D267223CD00B536B9 /* NewBottomSheetTests */ = {
			isa = PBXNativeTarget;
			buildConfigurationList = FD489543267223CD00B536B9 /* Build configuration list for PBXNativeTarget "NewBottomSheetTests" */;
			buildPhases = (
				FD48952A267223CD00B536B9 /* Sources */,
				FD48952B267223CD00B536B9 /* Frameworks */,
				FD48952C267223CD00B536B9 /* Resources */,
			);
			buildRules = (
			);
			dependencies = (
				FD489530267223CD00B536B9 /* PBXTargetDependency */,
			);
			name = NewBottomSheetTests;
			productName = NewBottomSheetTests;
			productReference = FD48952E267223CD00B536B9 /* NewBottomSheetTests.xctest */;
			productType = "com.apple.product-type.bundle.unit-test";
		};
		FD489537267223CD00B536B9 /* NewBottomSheetUITests */ = {
			isa = PBXNativeTarget;
			buildConfigurationList = FD489546267223CD00B536B9 /* Build configuration list for PBXNativeTarget "NewBottomSheetUITests" */;
			buildPhases = (
				FD489534267223CD00B536B9 /* Sources */,
				FD489535267223CD00B536B9 /* Frameworks */,
				FD489536267223CD00B536B9 /* Resources */,
			);
			buildRules = (
			);
			dependencies = (
				FD48953A267223CD00B536B9 /* PBXTargetDependency */,
			);
			name = NewBottomSheetUITests;
			productName = NewBottomSheetUITests;
			productReference = FD489538267223CD00B536B9 /* NewBottomSheetUITests.xctest */;
			productType = "com.apple.product-type.bundle.ui-testing";
		};
/* End PBXNativeTarget section */

/* Begin PBXProject section */
		FD489510267223CD00B536B9 /* Project object */ = {
			isa = PBXProject;
			attributes = {
				BuildIndependentTargetsInParallel = 1;
				LastSwiftUpdateCheck = 1300;
				LastUpgradeCheck = 1300;
				TargetAttributes = {
					FD489517267223CD00B536B9 = {
						CreatedOnToolsVersion = 13.0;
					};
					FD48952D267223CD00B536B9 = {
						CreatedOnToolsVersion = 13.0;
						TestTargetID = FD489517267223CD00B536B9;
					};
					FD489537267223CD00B536B9 = {
						CreatedOnToolsVersion = 13.0;
						TestTargetID = FD489517267223CD00B536B9;
					};
				};
			};
			buildConfigurationList = FD489513267223CD00B536B9 /* Build configuration list for PBXProject "NewBottomSheet" */;
			compatibilityVersion = "Xcode 13.0";
			developmentRegion = en;
			hasScannedForEncodings = 0;
			knownRegions = (
				en,
				Base,
			);
			mainGroup = FD48950F267223CD00B536B9;
			productRefGroup = FD489519267223CD00B536B9 /* Products */;
			projectDirPath = "";
			projectRoot = "";
			targets = (
				FD489517267223CD00B536B9 /* NewBottomSheet */,
				FD48952D267223CD00B536B9 /* NewBottomSheetTests */,
				FD489537267223CD00B536B9 /* NewBottomSheetUITests */,
			);
		};
/* End PBXProject section */

/* Begin PBXResourcesBuildPhase section */
		FD489516267223CD00B536B9 /* Resources */ = {
			isa = PBXResourcesBuildPhase;
			buildActionMask = 2147483647;
			files = (
				FD489528267223CD00B536B9 /* LaunchScreen.storyboard in Resources */,
				FD489525267223CD00B536B9 /* Assets.xcassets in Resources */,
				FD489523267223CD00B536B9 /* Main.storyboard in Resources */,
			);
			runOnlyForDeploymentPostprocessing = 0;
		};
		FD48952C267223CD00B536B9 /* Resources */ = {
			isa = PBXResourcesBuildPhase;
			buildActionMask = 2147483647;
			files = (
			);
			runOnlyForDeploymentPostprocessing = 0;
		};
		FD489536267223CD00B536B9 /* Resources */ = {
			isa = PBXResourcesBuildPhase;
			buildActionMask = 2147483647;
			files = (
			);
			runOnlyForDeploymentPostprocessing = 0;
		};
/* End PBXResourcesBuildPhase section */

/* Begin PBXSourcesBuildPhase section */
		FD489514267223CD00B536B9 /* Sources */ = {
			isa = PBXSourcesBuildPhase;
			buildActionMask = 2147483647;
			files = (
				FD489520267223CD00B536B9 /* ViewController.swift in Sources */,
				FD48951C267223CD00B536B9 /* AppDelegate.swift in Sources */,
				FD48951E267223CD00B536B9 /* SceneDelegate.swift in Sources */,
			);
			runOnlyForDeploymentPostprocessing = 0;
		};
		FD48952A267223CD00B536B9 /* Sources */ = {
			isa = PBXSourcesBuildPhase;
			buildActionMask = 2147483647;
			files = (
				FD489533267223CD00B536B9 /* NewBottomSheetTests.swift in Sources */,
			);
			runOnlyForDeploymentPostprocessing = 0;
		};
		FD489534267223CD00B536B9 /* Sources */ = {
			isa = PBXSourcesBuildPhase;
			buildActionMask = 2147483647;
			files = (
				FD48953D267223CD00B536B9 /* NewBottomSheetUITests.swift in Sources */,
			);
			runOnlyForDeploymentPostprocessing = 0;
		};
/* End PBXSourcesBuildPhase section */

/* Begin PBXTargetDependency section */
		FD489530267223CD00B536B9 /* PBXTargetDependency */ = {
			isa = PBXTargetDependency;
			target = FD489517267223CD00B536B9 /* NewBottomSheet */;
			targetProxy = FD48952F267223CD00B536B9 /* PBXContainerItemProxy */;
		};
		FD48953A267223CD00B536B9 /* PBXTargetDependency */ = {
			isa = PBXTargetDependency;
			target = FD489517267223CD00B536B9 /* NewBottomSheet */;
			targetProxy = FD489539267223CD00B536B9 /* PBXContainerItemProxy */;
		};
/* End PBXTargetDependency section */

/* Begin PBXVariantGroup section */
		FD489521267223CD00B536B9 /* Main.storyboard */ = {
			isa = PBXVariantGroup;
			children = (
				FD489522267223CD00B536B9 /* Base */,
			);
			name = Main.storyboard;
			sourceTree = "<group>";
		};
		FD489526267223CD00B536B9 /* LaunchScreen.storyboard */ = {
			isa = PBXVariantGroup;
			children = (
				FD489527267223CD00B536B9 /* Base */,
			);
			name = LaunchScreen.storyboard;
			sourceTree = "<group>";
		};
/* End PBXVariantGroup section */

/* Begin XCBuildConfiguration section */
		FD48953E267223CD00B536B9 /* Debug */ = {
			isa = XCBuildConfiguration;
			buildSettings = {
				ALWAYS_SEARCH_USER_PATHS = NO;
				CLANG_ANALYZER_NONNULL = YES;
				CLANG_ANALYZER_NUMBER_OBJECT_CONVERSION = YES_AGGRESSIVE;
				CLANG_CXX_LANGUAGE_STANDARD = "gnu++14";
				CLANG_CXX_LIBRARY = "libc++";
				CLANG_ENABLE_MODULES = YES;
				CLANG_ENABLE_OBJC_ARC = YES;
				CLANG_ENABLE_OBJC_WEAK = YES;
				CLANG_WARN_BLOCK_CAPTURE_AUTORELEASING = YES;
				CLANG_WARN_BOOL_CONVERSION = YES;
				CLANG_WARN_COMMA = YES;
				CLANG_WARN_CONSTANT_CONVERSION = YES;
				CLANG_WARN_DEPRECATED_OBJC_IMPLEMENTATIONS = YES;
				CLANG_WARN_DIRECT_OBJC_ISA_USAGE = YES_ERROR;
				CLANG_WARN_DOCUMENTATION_COMMENTS = YES;
				CLANG_WARN_EMPTY_BODY = YES;
				CLANG_WARN_ENUM_CONVERSION = YES;
				CLANG_WARN_INFINITE_RECURSION = YES;
				CLANG_WARN_INT_CONVERSION = YES;
				CLANG_WARN_NON_LITERAL_NULL_CONVERSION = YES;
				CLANG_WARN_OBJC_IMPLICIT_RETAIN_SELF = YES;
				CLANG_WARN_OBJC_LITERAL_CONVERSION = YES;
				CLANG_WARN_OBJC_ROOT_CLASS = YES_ERROR;
				CLANG_WARN_QUOTED_INCLUDE_IN_FRAMEWORK_HEADER = YES;
				CLANG_WARN_RANGE_LOOP_ANALYSIS = YES;
				CLANG_WARN_STRICT_PROTOTYPES = YES;
				CLANG_WARN_SUSPICIOUS_MOVE = YES;
				CLANG_WARN_UNGUARDED_AVAILABILITY = YES_AGGRESSIVE;
				CLANG_WARN_UNREACHABLE_CODE = YES;
				CLANG_WARN__DUPLICATE_METHOD_MATCH = YES;
				COPY_PHASE_STRIP = NO;
				DEBUG_INFORMATION_FORMAT = dwarf;
				ENABLE_STRICT_OBJC_MSGSEND = YES;
				ENABLE_TESTABILITY = YES;
				GCC_C_LANGUAGE_STANDARD = gnu11;
				GCC_DYNAMIC_NO_PIC = NO;
				GCC_NO_COMMON_BLOCKS = YES;
				GCC_OPTIMIZATION_LEVEL = 0;
				GCC_PREPROCESSOR_DEFINITIONS = (
					"DEBUG=1",
					"$(inherited)",
				);
				GCC_WARN_64_TO_32_BIT_CONVERSION = YES;
				GCC_WARN_ABOUT_RETURN_TYPE = YES_ERROR;
				GCC_WARN_UNDECLARED_SELECTOR = YES;
				GCC_WARN_UNINITIALIZED_AUTOS = YES_AGGRESSIVE;
				GCC_WARN_UNUSED_FUNCTION = YES;
				GCC_WARN_UNUSED_VARIABLE = YES;
				IPHONEOS_DEPLOYMENT_TARGET = 15.0;
				MTL_ENABLE_DEBUG_INFO = INCLUDE_SOURCE;
				MTL_FAST_MATH = YES;
				ONLY_ACTIVE_ARCH = YES;
				SDKROOT = iphoneos;
				SWIFT_ACTIVE_COMPILATION_CONDITIONS = DEBUG;
				SWIFT_OPTIMIZATION_LEVEL = "-Onone";
			};
			name = Debug;
		};
		FD48953F267223CD00B536B9 /* Release */ = {
			isa = XCBuildConfiguration;
			buildSettings = {
				ALWAYS_SEARCH_USER_PATHS = NO;
				CLANG_ANALYZER_NONNULL = YES;
				CLANG_ANALYZER_NUMBER_OBJECT_CONVERSION = YES_AGGRESSIVE;
				CLANG_CXX_LANGUAGE_STANDARD = "gnu++14";
				CLANG_CXX_LIBRARY = "libc++";
				CLANG_ENABLE_MODULES = YES;
				CLANG_ENABLE_OBJC_ARC = YES;
				CLANG_ENABLE_OBJC_WEAK = YES;
				CLANG_WARN_BLOCK_CAPTURE_AUTORELEASING = YES;
				CLANG_WARN_BOOL_CONVERSION = YES;
				CLANG_WARN_COMMA = YES;
				CLANG_WARN_CONSTANT_CONVERSION = YES;
				CLANG_WARN_DEPRECATED_OBJC_IMPLEMENTATIONS = YES;
				CLANG_WARN_DIRECT_OBJC_ISA_USAGE = YES_ERROR;
				CLANG_WARN_DOCUMENTATION_COMMENTS = YES;
				CLANG_WARN_EMPTY_BODY = YES;
				CLANG_WARN_ENUM_CONVERSION = YES;
				CLANG_WARN_INFINITE_RECURSION = YES;
				CLANG_WARN_INT_CONVERSION = YES;
				CLANG_WARN_NON_LITERAL_NULL_CONVERSION = YES;
				CLANG_WARN_OBJC_IMPLICIT_RETAIN_SELF = YES;
				CLANG_WARN_OBJC_LITERAL_CONVERSION = YES;
				CLANG_WARN_OBJC_ROOT_CLASS = YES_ERROR;
				CLANG_WARN_QUOTED_INCLUDE_IN_FRAMEWORK_HEADER = YES;
				CLANG_WARN_RANGE_LOOP_ANALYSIS = YES;
				CLANG_WARN_STRICT_PROTOTYPES = YES;
				CLANG_WARN_SUSPICIOUS_MOVE = YES;
				CLANG_WARN_UNGUARDED_AVAILABILITY = YES_AGGRESSIVE;
				CLANG_WARN_UNREACHABLE_CODE = YES;
				CLANG_WARN__DUPLICATE_METHOD_MATCH = YES;
				COPY_PHASE_STRIP = NO;
				DEBUG_INFORMATION_FORMAT = "dwarf-with-dsym";
				ENABLE_NS_ASSERTIONS = NO;
				ENABLE_STRICT_OBJC_MSGSEND = YES;
				GCC_C_LANGUAGE_STANDARD = gnu11;
				GCC_NO_COMMON_BLOCKS = YES;
				GCC_WARN_64_TO_32_BIT_CONVERSION = YES;
				GCC_WARN_ABOUT_RETURN_TYPE = YES_ERROR;
				GCC_WARN_UNDECLARED_SELECTOR = YES;
				GCC_WARN_UNINITIALIZED_AUTOS = YES_AGGRESSIVE;
				GCC_WARN_UNUSED_FUNCTION = YES;
				GCC_WARN_UNUSED_VARIABLE = YES;
				IPHONEOS_DEPLOYMENT_TARGET = 15.0;
				MTL_ENABLE_DEBUG_INFO = NO;
				MTL_FAST_MATH = YES;
				SDKROOT = iphoneos;
				SWIFT_COMPILATION_MODE = wholemodule;
				SWIFT_OPTIMIZATION_LEVEL = "-O";
				VALIDATE_PRODUCT = YES;
			};
			name = Release;
		};
		FD489541267223CD00B536B9 /* Debug */ = {
			isa = XCBuildConfiguration;
			buildSettings = {
				ASSETCATALOG_COMPILER_APPICON_NAME = AppIcon;
				ASSETCATALOG_COMPILER_GLOBAL_ACCENT_COLOR_NAME = AccentColor;
				CODE_SIGN_STYLE = Automatic;
				CURRENT_PROJECT_VERSION = 1;
				DEVELOPMENT_TEAM = 7M7ZGYSAKB;
				GENERATE_INFOPLIST_FILE = YES;
				INFOPLIST_FILE = NewBottomSheet/Info.plist;
				INFOPLIST_KEY_UIApplicationSupportsIndirectInputEvents = YES;
				INFOPLIST_KEY_UILaunchStoryboardName = LaunchScreen;
				INFOPLIST_KEY_UIMainStoryboardFile = Main;
				INFOPLIST_KEY_UISupportedInterfaceOrientations_iPad = "UIInterfaceOrientationPortrait UIInterfaceOrientationPortraitUpsideDown UIInterfaceOrientationLandscapeLeft UIInterfaceOrientationLandscapeRight";
				INFOPLIST_KEY_UISupportedInterfaceOrientations_iPhone = "UIInterfaceOrientationPortrait UIInterfaceOrientationLandscapeLeft UIInterfaceOrientationLandscapeRight";
				LD_RUNPATH_SEARCH_PATHS = (
					"$(inherited)",
					"@executable_path/Frameworks",
				);
				MARKETING_VERSION = 1.0;
				PRODUCT_BUNDLE_IDENTIFIER = com.ASTK.NewBottomSheet;
				PRODUCT_NAME = "$(TARGET_NAME)";
				SWIFT_EMIT_LOC_STRINGS = YES;
				SWIFT_VERSION = 5.0;
				TARGETED_DEVICE_FAMILY = "1,2";
			};
			name = Debug;
		};
		FD489542267223CD00B536B9 /* Release */ = {
			isa = XCBuildConfiguration;
			buildSettings = {
				ASSETCATALOG_COMPILER_APPICON_NAME = AppIcon;
				ASSETCATALOG_COMPILER_GLOBAL_ACCENT_COLOR_NAME = AccentColor;
				CODE_SIGN_STYLE = Automatic;
				CURRENT_PROJECT_VERSION = 1;
				DEVELOPMENT_TEAM = 7M7ZGYSAKB;
				GENERATE_INFOPLIST_FILE = YES;
				INFOPLIST_FILE = NewBottomSheet/Info.plist;
				INFOPLIST_KEY_UIApplicationSupportsIndirectInputEvents = YES;
				INFOPLIST_KEY_UILaunchStoryboardName = LaunchScreen;
				INFOPLIST_KEY_UIMainStoryboardFile = Main;
				INFOPLIST_KEY_UISupportedInterfaceOrientations_iPad = "UIInterfaceOrientationPortrait UIInterfaceOrientationPortraitUpsideDown UIInterfaceOrientationLandscapeLeft UIInterfaceOrientationLandscapeRight";
				INFOPLIST_KEY_UISupportedInterfaceOrientations_iPhone = "UIInterfaceOrientationPortrait UIInterfaceOrientationLandscapeLeft UIInterfaceOrientationLandscapeRight";
				LD_RUNPATH_SEARCH_PATHS = (
					"$(inherited)",
					"@executable_path/Frameworks",
				);
				MARKETING_VERSION = 1.0;
				PRODUCT_BUNDLE_IDENTIFIER = com.ASTK.NewBottomSheet;
				PRODUCT_NAME = "$(TARGET_NAME)";
				SWIFT_EMIT_LOC_STRINGS = YES;
				SWIFT_VERSION = 5.0;
				TARGETED_DEVICE_FAMILY = "1,2";
			};
			name = Release;
		};
		FD489544267223CD00B536B9 /* Debug */ = {
			isa = XCBuildConfiguration;
			buildSettings = {
				ALWAYS_EMBED_SWIFT_STANDARD_LIBRARIES = YES;
				BUNDLE_LOADER = "$(TEST_HOST)";
				CODE_SIGN_STYLE = Automatic;
				CURRENT_PROJECT_VERSION = 1;
				DEVELOPMENT_TEAM = 7M7ZGYSAKB;
				GENERATE_INFOPLIST_FILE = YES;
				IPHONEOS_DEPLOYMENT_TARGET = 15.0;
				LD_RUNPATH_SEARCH_PATHS = (
					"$(inherited)",
					"@executable_path/Frameworks",
					"@loader_path/Frameworks",
				);
				MARKETING_VERSION = 1.0;
				PRODUCT_BUNDLE_IDENTIFIER = com.ASTK.NewBottomSheetTests;
				PRODUCT_NAME = "$(TARGET_NAME)";
				SWIFT_EMIT_LOC_STRINGS = NO;
				SWIFT_VERSION = 5.0;
				TARGETED_DEVICE_FAMILY = "1,2";
				TEST_HOST = "$(BUILT_PRODUCTS_DIR)/NewBottomSheet.app/NewBottomSheet";
			};
			name = Debug;
		};
		FD489545267223CD00B536B9 /* Release */ = {
			isa = XCBuildConfiguration;
			buildSettings = {
				ALWAYS_EMBED_SWIFT_STANDARD_LIBRARIES = YES;
				BUNDLE_LOADER = "$(TEST_HOST)";
				CODE_SIGN_STYLE = Automatic;
				CURRENT_PROJECT_VERSION = 1;
				DEVELOPMENT_TEAM = 7M7ZGYSAKB;
				GENERATE_INFOPLIST_FILE = YES;
				IPHONEOS_DEPLOYMENT_TARGET = 15.0;
				LD_RUNPATH_SEARCH_PATHS = (
					"$(inherited)",
					"@executable_path/Frameworks",
					"@loader_path/Frameworks",
				);
				MARKETING_VERSION = 1.0;
				PRODUCT_BUNDLE_IDENTIFIER = com.ASTK.NewBottomSheetTests;
				PRODUCT_NAME = "$(TARGET_NAME)";
				SWIFT_EMIT_LOC_STRINGS = NO;
				SWIFT_VERSION = 5.0;
				TARGETED_DEVICE_FAMILY = "1,2";
				TEST_HOST = "$(BUILT_PRODUCTS_DIR)/NewBottomSheet.app/NewBottomSheet";
			};
			name = Release;
		};
		FD489547267223CD00B536B9 /* Debug */ = {
			isa = XCBuildConfiguration;
			buildSettings = {
				ALWAYS_EMBED_SWIFT_STANDARD_LIBRARIES = YES;
				CODE_SIGN_STYLE = Automatic;
				CURRENT_PROJECT_VERSION = 1;
				DEVELOPMENT_TEAM = 7M7ZGYSAKB;
				GENERATE_INFOPLIST_FILE = YES;
				LD_RUNPATH_SEARCH_PATHS = (
					"$(inherited)",
					"@executable_path/Frameworks",
					"@loader_path/Frameworks",
				);
				MARKETING_VERSION = 1.0;
				PRODUCT_BUNDLE_IDENTIFIER = com.ASTK.NewBottomSheetUITests;
				PRODUCT_NAME = "$(TARGET_NAME)";
				SWIFT_EMIT_LOC_STRINGS = NO;
				SWIFT_VERSION = 5.0;
				TARGETED_DEVICE_FAMILY = "1,2";
				TEST_TARGET_NAME = NewBottomSheet;
			};
			name = Debug;
		};
		FD489548267223CD00B536B9 /* Release */ = {
			isa = XCBuildConfiguration;
			buildSettings = {
				ALWAYS_EMBED_SWIFT_STANDARD_LIBRARIES = YES;
				CODE_SIGN_STYLE = Automatic;
				CURRENT_PROJECT_VERSION = 1;
				DEVELOPMENT_TEAM = 7M7ZGYSAKB;
				GENERATE_INFOPLIST_FILE = YES;
				LD_RUNPATH_SEARCH_PATHS = (
					"$(inherited)",
					"@executable_path/Frameworks",
					"@loader_path/Frameworks",
				);
				MARKETING_VERSION = 1.0;
				PRODUCT_BUNDLE_IDENTIFIER = com.ASTK.NewBottomSheetUITests;
				PRODUCT_NAME = "$(TARGET_NAME)";
				SWIFT_EMIT_LOC_STRINGS = NO;
				SWIFT_VERSION = 5.0;
				TARGETED_DEVICE_FAMILY = "1,2";
				TEST_TARGET_NAME = NewBottomSheet;
			};
			name = Release;
		};
/* End XCBuildConfiguration section */

/* Begin XCConfigurationList section */
		FD489513267223CD00B536B9 /* Build configuration list for PBXProject "NewBottomSheet" */ = {
			isa = XCConfigurationList;
			buildConfigurations = (
				FD48953E267223CD00B536B9 /* Debug */,
				FD48953F267223CD00B536B9 /* Release */,
			);
			defaultConfigurationIsVisible = 0;
			defaultConfigurationName = Release;
		};
		FD489540267223CD00B536B9 /* Build configuration list for PBXNativeTarget "NewBottomSheet" */ = {
			isa = XCConfigurationList;
			buildConfigurations = (
				FD489541267223CD00B536B9 /* Debug */,
				FD489542267223CD00B536B9 /* Release */,
			);
			defaultConfigurationIsVisible = 0;
			defaultConfigurationName = Release;
		};
		FD489543267223CD00B536B9 /* Build configuration list for PBXNativeTarget "NewBottomSheetTests" */ = {
			isa = XCConfigurationList;
			buildConfigurations = (
				FD489544267223CD00B536B9 /* Debug */,
				FD489545267223CD00B536B9 /* Release */,
			);
			defaultConfigurationIsVisible = 0;
			defaultConfigurationName = Release;
		};
		FD489546267223CD00B536B9 /* Build configuration list for PBXNativeTarget "NewBottomSheetUITests" */ = {
			isa = XCConfigurationList;
			buildConfigurations = (
				FD489547267223CD00B536B9 /* Debug */,
				FD489548267223CD00B536B9 /* Release */,
			);
			defaultConfigurationIsVisible = 0;
			defaultConfigurationName = Release;
		};
/* End XCConfigurationList section */
	};
	rootObject = FD489510267223CD00B536B9 /* Project object */;
}
